
Microsoft Visual Studio Solution File, Format Version 12.00
# Visual Studio Version 16
VisualStudioVersion = 16.0.31019.35
MinimumVisualStudioVersion = 10.0.40219.1
Project("{FAE04EC0-301F-11D3-BF4B-00C04F79EFBC}") = "UAS", "UAS\UAS.csproj", "{EA539245-75D3-46DA-8FB2-B3D770F9963D}"
EndProject
Global
	GlobalSection(SolutionConfigurationPlatforms) = preSolution
		Debug|Any CPU = Debug|Any CPU
		Release|Any CPU = Release|Any CPU
	EndGlobalSection
	GlobalSection(ProjectConfigurationPlatforms) = postSolution
		{EA539245-75D3-46DA-8FB2-B3D770F9963D}.Debug|Any CPU.ActiveCfg = Debug|Any CPU
		{EA539245-75D3-46DA-8FB2-B3D770F9963D}.Debug|Any CPU.Build.0 = Debug|Any CPU
		{EA539245-75D3-46DA-8FB2-B3D770F9963D}.Release|Any CPU.ActiveCfg = Release|Any CPU
		{EA539245-75D3-46DA-8FB2-B3D770F9963D}.Release|Any CPU.Build.0 = Release|Any CPU
	EndGlobalSection
	GlobalSection(SolutionProperties) = preSolution
		HideSolutionNode = FALSE
	EndGlobalSection
	GlobalSection(ExtensibilityGlobals) = postSolution
		SolutionGuid = {CD1FC7CD-3D48-497F-B268-9AB5289F3167}
	EndGlobalSection
EndGlobal
